
Microsoft Visual Studio Solution File, Format Version 12.00
# Visual Studio 15
VisualStudioVersion = 15.0.26124.0
MinimumVisualStudioVersion = 15.0.26124.0
Project("{2150E333-8FDC-42A3-9474-1A3956D46DE8}") = "src", "src", "{A0EB2F2B-E12E-4DD3-9EB4-A7B26A041F9B}"
EndProject
Project("{FAE04EC0-301F-11D3-BF4B-00C04F79EFBC}") = "PalTracker", "src\PalTracker\PalTracker.csproj", "{65BB81AB-57E7-4692-B2AE-B93A938F8D22}"
EndProject
Project("{2150E333-8FDC-42A3-9474-1A3956D46DE8}") = "test", "test", "{269ED7B6-E403-4C67-BC74-EE396D2CCEC4}"
EndProject
Project("{FAE04EC0-301F-11D3-BF4B-00C04F79EFBC}") = "PalTrackerTests", "test\PalTrackerTests\PalTrackerTests.csproj", "{C9443138-91D6-4C45-8E06-4AFE2208E4E1}"
EndProject
Global
	GlobalSection(SolutionConfigurationPlatforms) = preSolution
		Debug|Any CPU = Debug|Any CPU
		Debug|x64 = Debug|x64
		Debug|x86 = Debug|x86
		Release|Any CPU = Release|Any CPU
		Release|x64 = Release|x64
		Release|x86 = Release|x86
	EndGlobalSection
	GlobalSection(SolutionProperties) = preSolution
		HideSolutionNode = FALSE
	EndGlobalSection
	GlobalSection(ProjectConfigurationPlatforms) = postSolution
		{65BB81AB-57E7-4692-B2AE-B93A938F8D22}.Debug|Any CPU.ActiveCfg = Debug|Any CPU
		{65BB81AB-57E7-4692-B2AE-B93A938F8D22}.Debug|Any CPU.Build.0 = Debug|Any CPU
		{65BB81AB-57E7-4692-B2AE-B93A938F8D22}.Debug|x64.ActiveCfg = Debug|Any CPU
		{65BB81AB-57E7-4692-B2AE-B93A938F8D22}.Debug|x64.Build.0 = Debug|Any CPU
		{65BB81AB-57E7-4692-B2AE-B93A938F8D22}.Debug|x86.ActiveCfg = Debug|Any CPU
		{65BB81AB-57E7-4692-B2AE-B93A938F8D22}.Debug|x86.Build.0 = Debug|Any CPU
		{65BB81AB-57E7-4692-B2AE-B93A938F8D22}.Release|Any CPU.ActiveCfg = Release|Any CPU
		{65BB81AB-57E7-4692-B2AE-B93A938F8D22}.Release|Any CPU.Build.0 = Release|Any CPU
		{65BB81AB-57E7-4692-B2AE-B93A938F8D22}.Release|x64.ActiveCfg = Release|Any CPU
		{65BB81AB-57E7-4692-B2AE-B93A938F8D22}.Release|x64.Build.0 = Release|Any CPU
		{65BB81AB-57E7-4692-B2AE-B93A938F8D22}.Release|x86.ActiveCfg = Release|Any CPU
		{65BB81AB-57E7-4692-B2AE-B93A938F8D22}.Release|x86.Build.0 = Release|Any CPU
		{C9443138-91D6-4C45-8E06-4AFE2208E4E1}.Debug|Any CPU.ActiveCfg = Debug|Any CPU
		{C9443138-91D6-4C45-8E06-4AFE2208E4E1}.Debug|Any CPU.Build.0 = Debug|Any CPU
		{C9443138-91D6-4C45-8E06-4AFE2208E4E1}.Debug|x64.ActiveCfg = Debug|Any CPU
		{C9443138-91D6-4C45-8E06-4AFE2208E4E1}.Debug|x64.Build.0 = Debug|Any CPU
		{C9443138-91D6-4C45-8E06-4AFE2208E4E1}.Debug|x86.ActiveCfg = Debug|Any CPU
		{C9443138-91D6-4C45-8E06-4AFE2208E4E1}.Debug|x86.Build.0 = Debug|Any CPU
		{C9443138-91D6-4C45-8E06-4AFE2208E4E1}.Release|Any CPU.ActiveCfg = Release|Any CPU
		{C9443138-91D6-4C45-8E06-4AFE2208E4E1}.Release|Any CPU.Build.0 = Release|Any CPU
		{C9443138-91D6-4C45-8E06-4AFE2208E4E1}.Release|x64.ActiveCfg = Release|Any CPU
		{C9443138-91D6-4C45-8E06-4AFE2208E4E1}.Release|x64.Build.0 = Release|Any CPU
		{C9443138-91D6-4C45-8E06-4AFE2208E4E1}.Release|x86.ActiveCfg = Release|Any CPU
		{C9443138-91D6-4C45-8E06-4AFE2208E4E1}.Release|x86.Build.0 = Release|Any CPU
	EndGlobalSection
	GlobalSection(NestedProjects) = preSolution
		{65BB81AB-57E7-4692-B2AE-B93A938F8D22} = {A0EB2F2B-E12E-4DD3-9EB4-A7B26A041F9B}
		{C9443138-91D6-4C45-8E06-4AFE2208E4E1} = {269ED7B6-E403-4C67-BC74-EE396D2CCEC4}
	EndGlobalSection
EndGlobal
